// !$*UTF8*$!
{
	archiveVersion = 1;
	classes = {
	};
	objectVersion = 50;
	objects = {

/* Begin PBXBuildFile section */
		2D887D4925DEBEC8004A5E5F /* AppDelegate.swift in Sources */ = {isa = PBXBuildFile; fileRef = 2D887D4825DEBEC8004A5E5F /* AppDelegate.swift */; };
		2D887D4D25DEBEC8004A5E5F /* TeamCollectionViewController.swift in Sources */ = {isa = PBXBuildFile; fileRef = 2D887D4C25DEBEC8004A5E5F /* TeamCollectionViewController.swift */; };
		2D887D5025DEBEC8004A5E5F /* TeamCollection.storyboard in Resources */ = {isa = PBXBuildFile; fileRef = 2D887D4E25DEBEC8004A5E5F /* TeamCollection.storyboard */; };
		2D887D5225DEBECA004A5E5F /* Assets.xcassets in Resources */ = {isa = PBXBuildFile; fileRef = 2D887D5125DEBECA004A5E5F /* Assets.xcassets */; };
		2D887D6025DEBECA004A5E5F /* NBAGaloreTests.swift in Sources */ = {isa = PBXBuildFile; fileRef = 2D887D5F25DEBECA004A5E5F /* NBAGaloreTests.swift */; };
		2D887D6B25DEBECB004A5E5F /* NBAGaloreUITests.swift in Sources */ = {isa = PBXBuildFile; fileRef = 2D887D6A25DEBECB004A5E5F /* NBAGaloreUITests.swift */; };
		2D887D8525DEBF6B004A5E5F /* TeamCollectionViewModel.swift in Sources */ = {isa = PBXBuildFile; fileRef = 2D887D8425DEBF6B004A5E5F /* TeamCollectionViewModel.swift */; };
		2D887DBE25DECC3E004A5E5F /* TeamCollectionViewCell.swift in Sources */ = {isa = PBXBuildFile; fileRef = 2D887DBD25DECC3E004A5E5F /* TeamCollectionViewCell.swift */; };
		2D887DC825DED1C9004A5E5F /* NetworkManager.swift in Sources */ = {isa = PBXBuildFile; fileRef = 2D887DC725DED1C9004A5E5F /* NetworkManager.swift */; };
		2D887DD625DEEA2B004A5E5F /* Team.swift in Sources */ = {isa = PBXBuildFile; fileRef = 2D887DD525DEEA2B004A5E5F /* Team.swift */; };
		2D887DFA25DFC9EB004A5E5F /* CollectionDataSource.swift in Sources */ = {isa = PBXBuildFile; fileRef = 2D887DF925DFC9EB004A5E5F /* CollectionDataSource.swift */; };
		2D887E4725E01640004A5E5F /* LaunchScreen.storyboard in Resources */ = {isa = PBXBuildFile; fileRef = 2D887E4625E01640004A5E5F /* LaunchScreen.storyboard */; };
		2D93164425E174E8005CF01A /* Coordinator.swift in Sources */ = {isa = PBXBuildFile; fileRef = 2D93164325E174E8005CF01A /* Coordinator.swift */; };
		2D93164D25E17529005CF01A /* AppCoordinator.swift in Sources */ = {isa = PBXBuildFile; fileRef = 2D93164C25E17529005CF01A /* AppCoordinator.swift */; };
		2D93165325E175C8005CF01A /* Storyboard.swift in Sources */ = {isa = PBXBuildFile; fileRef = 2D93165225E175C8005CF01A /* Storyboard.swift */; };
		2D93166825E17DE9005CF01A /* PlayerTable.storyboard in Resources */ = {isa = PBXBuildFile; fileRef = 2D93166725E17DE9005CF01A /* PlayerTable.storyboard */; };
		2D93167025E17E06005CF01A /* PlayerTableViewModel.swift in Sources */ = {isa = PBXBuildFile; fileRef = 2D93166F25E17E06005CF01A /* PlayerTableViewModel.swift */; };
		2D93167525E17E20005CF01A /* PlayerTableViewController.swift in Sources */ = {isa = PBXBuildFile; fileRef = 2D93167425E17E20005CF01A /* PlayerTableViewController.swift */; };
		2D93168225E18467005CF01A /* PlayerTableCoordinator.swift in Sources */ = {isa = PBXBuildFile; fileRef = 2D93168125E18467005CF01A /* PlayerTableCoordinator.swift */; };
		2D93168725E18B0F005CF01A /* PlayerTableViewCell.swift in Sources */ = {isa = PBXBuildFile; fileRef = 2D93168625E18B0F005CF01A /* PlayerTableViewCell.swift */; };
		2D93168C25E18E7B005CF01A /* TableDataSource.swift in Sources */ = {isa = PBXBuildFile; fileRef = 2D93168B25E18E7B005CF01A /* TableDataSource.swift */; };
		2D93169125E19BDE005CF01A /* TeamCollectionReusableView.swift in Sources */ = {isa = PBXBuildFile; fileRef = 2D93169025E19BDE005CF01A /* TeamCollectionReusableView.swift */; };
		2D93169725E24DAC005CF01A /* PlayerDetailCoordinator.swift in Sources */ = {isa = PBXBuildFile; fileRef = 2D93169625E24DAC005CF01A /* PlayerDetailCoordinator.swift */; };
		2D93169D25E24E65005CF01A /* PlayerDetail.storyboard in Resources */ = {isa = PBXBuildFile; fileRef = 2D93169C25E24E65005CF01A /* PlayerDetail.storyboard */; };
		2D9316A225E24E7F005CF01A /* PlayerDetailViewController.swift in Sources */ = {isa = PBXBuildFile; fileRef = 2D9316A125E24E7F005CF01A /* PlayerDetailViewController.swift */; };
		2D9316AA25E24E97005CF01A /* PlayerDetailViewModel.swift in Sources */ = {isa = PBXBuildFile; fileRef = 2D9316A925E24E97005CF01A /* PlayerDetailViewModel.swift */; };
/* End PBXBuildFile section */

/* Begin PBXContainerItemProxy section */
		2D887D5C25DEBECA004A5E5F /* PBXContainerItemProxy */ = {
			isa = PBXContainerItemProxy;
			containerPortal = 2D887D3D25DEBEC8004A5E5F /* Project object */;
			proxyType = 1;
			remoteGlobalIDString = 2D887D4425DEBEC8004A5E5F;
			remoteInfo = NBAGalore;
		};
		2D887D6725DEBECA004A5E5F /* PBXContainerItemProxy */ = {
			isa = PBXContainerItemProxy;
			containerPortal = 2D887D3D25DEBEC8004A5E5F /* Project object */;
			proxyType = 1;
			remoteGlobalIDString = 2D887D4425DEBEC8004A5E5F;
			remoteInfo = NBAGalore;
		};
/* End PBXContainerItemProxy section */

/* Begin PBXFileReference section */
		2D887D4525DEBEC8004A5E5F /* NBAGalore.app */ = {isa = PBXFileReference; explicitFileType = wrapper.application; includeInIndex = 0; path = NBAGalore.app; sourceTree = BUILT_PRODUCTS_DIR; };
		2D887D4825DEBEC8004A5E5F /* AppDelegate.swift */ = {isa = PBXFileReference; lastKnownFileType = sourcecode.swift; path = AppDelegate.swift; sourceTree = "<group>"; };
		2D887D4C25DEBEC8004A5E5F /* TeamCollectionViewController.swift */ = {isa = PBXFileReference; lastKnownFileType = sourcecode.swift; path = TeamCollectionViewController.swift; sourceTree = "<group>"; };
		2D887D4F25DEBEC8004A5E5F /* Base */ = {isa = PBXFileReference; lastKnownFileType = file.storyboard; name = Base; path = Base.lproj/TeamCollection.storyboard; sourceTree = "<group>"; };
		2D887D5125DEBECA004A5E5F /* Assets.xcassets */ = {isa = PBXFileReference; lastKnownFileType = folder.assetcatalog; path = Assets.xcassets; sourceTree = "<group>"; };
		2D887D5625DEBECA004A5E5F /* Info.plist */ = {isa = PBXFileReference; lastKnownFileType = text.plist.xml; path = Info.plist; sourceTree = "<group>"; };
		2D887D5B25DEBECA004A5E5F /* NBAGaloreTests.xctest */ = {isa = PBXFileReference; explicitFileType = wrapper.cfbundle; includeInIndex = 0; path = NBAGaloreTests.xctest; sourceTree = BUILT_PRODUCTS_DIR; };
		2D887D5F25DEBECA004A5E5F /* NBAGaloreTests.swift */ = {isa = PBXFileReference; lastKnownFileType = sourcecode.swift; path = NBAGaloreTests.swift; sourceTree = "<group>"; };
		2D887D6125DEBECA004A5E5F /* Info.plist */ = {isa = PBXFileReference; lastKnownFileType = text.plist.xml; path = Info.plist; sourceTree = "<group>"; };
		2D887D6625DEBECA004A5E5F /* NBAGaloreUITests.xctest */ = {isa = PBXFileReference; explicitFileType = wrapper.cfbundle; includeInIndex = 0; path = NBAGaloreUITests.xctest; sourceTree = BUILT_PRODUCTS_DIR; };
		2D887D6A25DEBECB004A5E5F /* NBAGaloreUITests.swift */ = {isa = PBXFileReference; lastKnownFileType = sourcecode.swift; path = NBAGaloreUITests.swift; sourceTree = "<group>"; };
		2D887D6C25DEBECB004A5E5F /* Info.plist */ = {isa = PBXFileReference; lastKnownFileType = text.plist.xml; path = Info.plist; sourceTree = "<group>"; };
		2D887D8425DEBF6B004A5E5F /* TeamCollectionViewModel.swift */ = {isa = PBXFileReference; lastKnownFileType = sourcecode.swift; path = TeamCollectionViewModel.swift; sourceTree = "<group>"; };
		2D887DBD25DECC3E004A5E5F /* TeamCollectionViewCell.swift */ = {isa = PBXFileReference; lastKnownFileType = sourcecode.swift; path = TeamCollectionViewCell.swift; sourceTree = "<group>"; };
		2D887DC725DED1C9004A5E5F /* NetworkManager.swift */ = {isa = PBXFileReference; lastKnownFileType = sourcecode.swift; path = NetworkManager.swift; sourceTree = "<group>"; };
		2D887DD525DEEA2B004A5E5F /* Team.swift */ = {isa = PBXFileReference; lastKnownFileType = sourcecode.swift; path = Team.swift; sourceTree = "<group>"; };
		2D887DF925DFC9EB004A5E5F /* CollectionDataSource.swift */ = {isa = PBXFileReference; lastKnownFileType = sourcecode.swift; path = CollectionDataSource.swift; sourceTree = "<group>"; };
		2D887E4625E01640004A5E5F /* LaunchScreen.storyboard */ = {isa = PBXFileReference; lastKnownFileType = file.storyboard; path = LaunchScreen.storyboard; sourceTree = "<group>"; };
		2D93164325E174E8005CF01A /* Coordinator.swift */ = {isa = PBXFileReference; lastKnownFileType = sourcecode.swift; path = Coordinator.swift; sourceTree = "<group>"; };
		2D93164C25E17529005CF01A /* AppCoordinator.swift */ = {isa = PBXFileReference; lastKnownFileType = sourcecode.swift; path = AppCoordinator.swift; sourceTree = "<group>"; };
		2D93165225E175C8005CF01A /* Storyboard.swift */ = {isa = PBXFileReference; lastKnownFileType = sourcecode.swift; path = Storyboard.swift; sourceTree = "<group>"; };
		2D93166725E17DE9005CF01A /* PlayerTable.storyboard */ = {isa = PBXFileReference; lastKnownFileType = file.storyboard; path = PlayerTable.storyboard; sourceTree = "<group>"; };
		2D93166F25E17E06005CF01A /* PlayerTableViewModel.swift */ = {isa = PBXFileReference; lastKnownFileType = sourcecode.swift; path = PlayerTableViewModel.swift; sourceTree = "<group>"; };
		2D93167425E17E20005CF01A /* PlayerTableViewController.swift */ = {isa = PBXFileReference; lastKnownFileType = sourcecode.swift; path = PlayerTableViewController.swift; sourceTree = "<group>"; };
		2D93168125E18467005CF01A /* PlayerTableCoordinator.swift */ = {isa = PBXFileReference; lastKnownFileType = sourcecode.swift; path = PlayerTableCoordinator.swift; sourceTree = "<group>"; };
		2D93168625E18B0F005CF01A /* PlayerTableViewCell.swift */ = {isa = PBXFileReference; lastKnownFileType = sourcecode.swift; path = PlayerTableViewCell.swift; sourceTree = "<group>"; };
		2D93168B25E18E7B005CF01A /* TableDataSource.swift */ = {isa = PBXFileReference; lastKnownFileType = sourcecode.swift; path = TableDataSource.swift; sourceTree = "<group>"; };
		2D93169025E19BDE005CF01A /* TeamCollectionReusableView.swift */ = {isa = PBXFileReference; lastKnownFileType = sourcecode.swift; path = TeamCollectionReusableView.swift; sourceTree = "<group>"; };
		2D93169625E24DAC005CF01A /* PlayerDetailCoordinator.swift */ = {isa = PBXFileReference; lastKnownFileType = sourcecode.swift; path = PlayerDetailCoordinator.swift; sourceTree = "<group>"; };
		2D93169C25E24E65005CF01A /* PlayerDetail.storyboard */ = {isa = PBXFileReference; lastKnownFileType = file.storyboard; path = PlayerDetail.storyboard; sourceTree = "<group>"; };
		2D9316A125E24E7F005CF01A /* PlayerDetailViewController.swift */ = {isa = PBXFileReference; lastKnownFileType = sourcecode.swift; path = PlayerDetailViewController.swift; sourceTree = "<group>"; };
		2D9316A925E24E97005CF01A /* PlayerDetailViewModel.swift */ = {isa = PBXFileReference; lastKnownFileType = sourcecode.swift; path = PlayerDetailViewModel.swift; sourceTree = "<group>"; };
/* End PBXFileReference section */

/* Begin PBXFrameworksBuildPhase section */
		2D887D4225DEBEC8004A5E5F /* Frameworks */ = {
			isa = PBXFrameworksBuildPhase;
			buildActionMask = 2147483647;
			files = (
			);
			runOnlyForDeploymentPostprocessing = 0;
		};
		2D887D5825DEBECA004A5E5F /* Frameworks */ = {
			isa = PBXFrameworksBuildPhase;
			buildActionMask = 2147483647;
			files = (
			);
			runOnlyForDeploymentPostprocessing = 0;
		};
		2D887D6325DEBECA004A5E5F /* Frameworks */ = {
			isa = PBXFrameworksBuildPhase;
			buildActionMask = 2147483647;
			files = (
			);
			runOnlyForDeploymentPostprocessing = 0;
		};
/* End PBXFrameworksBuildPhase section */

/* Begin PBXGroup section */
		2D887D3C25DEBEC8004A5E5F = {
			isa = PBXGroup;
			children = (
				2D887D4725DEBEC8004A5E5F /* NBAGalore */,
				2D887D5E25DEBECA004A5E5F /* NBAGaloreTests */,
				2D887D6925DEBECB004A5E5F /* NBAGaloreUITests */,
				2D887D4625DEBEC8004A5E5F /* Products */,
			);
			sourceTree = "<group>";
		};
		2D887D4625DEBEC8004A5E5F /* Products */ = {
			isa = PBXGroup;
			children = (
				2D887D4525DEBEC8004A5E5F /* NBAGalore.app */,
				2D887D5B25DEBECA004A5E5F /* NBAGaloreTests.xctest */,
				2D887D6625DEBECA004A5E5F /* NBAGaloreUITests.xctest */,
			);
			name = Products;
			sourceTree = "<group>";
		};
		2D887D4725DEBEC8004A5E5F /* NBAGalore */ = {
			isa = PBXGroup;
			children = (
				2D93165125E175B7005CF01A /* Utilities */,
				2D93164225E174DB005CF01A /* Protocol */,
				2D887DC625DECFB8004A5E5F /* Repository */,
				2D887DC525DECFAD004A5E5F /* Service */,
				2D887D8125DEBF27004A5E5F /* Modules */,
				2D887D4825DEBEC8004A5E5F /* AppDelegate.swift */,
				2D887D5125DEBECA004A5E5F /* Assets.xcassets */,
				2D887D5625DEBECA004A5E5F /* Info.plist */,
				2D887E4625E01640004A5E5F /* LaunchScreen.storyboard */,
			);
			path = NBAGalore;
			sourceTree = "<group>";
		};
		2D887D5E25DEBECA004A5E5F /* NBAGaloreTests */ = {
			isa = PBXGroup;
			children = (
				2D887D5F25DEBECA004A5E5F /* NBAGaloreTests.swift */,
				2D887D6125DEBECA004A5E5F /* Info.plist */,
			);
			path = NBAGaloreTests;
			sourceTree = "<group>";
		};
		2D887D6925DEBECB004A5E5F /* NBAGaloreUITests */ = {
			isa = PBXGroup;
			children = (
				2D887D6A25DEBECB004A5E5F /* NBAGaloreUITests.swift */,
				2D887D6C25DEBECB004A5E5F /* Info.plist */,
			);
			path = NBAGaloreUITests;
			sourceTree = "<group>";
		};
		2D887D8125DEBF27004A5E5F /* Modules */ = {
			isa = PBXGroup;
			children = (
				2D93164B25E1751A005CF01A /* Coordinators */,
				2D887DD325DEE898004A5E5F /* Models */,
				2D887D8325DEBF33004A5E5F /* ViewModels */,
				2D887D8225DEBF2D004A5E5F /* Controllers */,
			);
			path = Modules;
			sourceTree = "<group>";
		};
		2D887D8225DEBF2D004A5E5F /* Controllers */ = {
			isa = PBXGroup;
			children = (
				2D93169B25E24E4F005CF01A /* PlayerDetail */,
				2D93166625E17DD6005CF01A /* PlayerTable */,
				2D887DA925DECADB004A5E5F /* TeamCollection */,
			);
			path = Controllers;
			sourceTree = "<group>";
		};
		2D887D8325DEBF33004A5E5F /* ViewModels */ = {
			isa = PBXGroup;
			children = (
				2D887D8425DEBF6B004A5E5F /* TeamCollectionViewModel.swift */,
				2D93166F25E17E06005CF01A /* PlayerTableViewModel.swift */,
				2D9316A925E24E97005CF01A /* PlayerDetailViewModel.swift */,
				2D887DF925DFC9EB004A5E5F /* CollectionDataSource.swift */,
				2D93168B25E18E7B005CF01A /* TableDataSource.swift */,
			);
			path = ViewModels;
			sourceTree = "<group>";
		};
		2D887DA925DECADB004A5E5F /* TeamCollection */ = {
			isa = PBXGroup;
			children = (
				2D887D4C25DEBEC8004A5E5F /* TeamCollectionViewController.swift */,
				2D887D4E25DEBEC8004A5E5F /* TeamCollection.storyboard */,
				2D887DBD25DECC3E004A5E5F /* TeamCollectionViewCell.swift */,
				2D93169025E19BDE005CF01A /* TeamCollectionReusableView.swift */,
			);
			path = TeamCollection;
			sourceTree = "<group>";
		};
		2D887DC525DECFAD004A5E5F /* Service */ = {
			isa = PBXGroup;
			children = (
				2D887DC725DED1C9004A5E5F /* NetworkManager.swift */,
			);
			path = Service;
			sourceTree = "<group>";
		};
		2D887DC625DECFB8004A5E5F /* Repository */ = {
			isa = PBXGroup;
			children = (
			);
			path = Repository;
			sourceTree = "<group>";
		};
		2D887DD325DEE898004A5E5F /* Models */ = {
			isa = PBXGroup;
			children = (
				2D887DD525DEEA2B004A5E5F /* Team.swift */,
			);
			path = Models;
			sourceTree = "<group>";
		};
		2D93164225E174DB005CF01A /* Protocol */ = {
			isa = PBXGroup;
			children = (
				2D93164325E174E8005CF01A /* Coordinator.swift */,
			);
			path = Protocol;
			sourceTree = "<group>";
		};
		2D93164B25E1751A005CF01A /* Coordinators */ = {
			isa = PBXGroup;
			children = (
				2D93164C25E17529005CF01A /* AppCoordinator.swift */,
				2D93168125E18467005CF01A /* PlayerTableCoordinator.swift */,
				2D93169625E24DAC005CF01A /* PlayerDetailCoordinator.swift */,
			);
			path = Coordinators;
			sourceTree = "<group>";
		};
		2D93165125E175B7005CF01A /* Utilities */ = {
			isa = PBXGroup;
			children = (
				2D93165225E175C8005CF01A /* Storyboard.swift */,
			);
			path = Utilities;
			sourceTree = "<group>";
		};
		2D93166625E17DD6005CF01A /* PlayerTable */ = {
			isa = PBXGroup;
			children = (
				2D93167425E17E20005CF01A /* PlayerTableViewController.swift */,
				2D93166725E17DE9005CF01A /* PlayerTable.storyboard */,
				2D93168625E18B0F005CF01A /* PlayerTableViewCell.swift */,
			);
			path = PlayerTable;
			sourceTree = "<group>";
		};
		2D93169B25E24E4F005CF01A /* PlayerDetail */ = {
			isa = PBXGroup;
			children = (
				2D9316A125E24E7F005CF01A /* PlayerDetailViewController.swift */,
				2D93169C25E24E65005CF01A /* PlayerDetail.storyboard */,
			);
			path = PlayerDetail;
			sourceTree = "<group>";
		};
/* End PBXGroup section */

/* Begin PBXNativeTarget section */
		2D887D4425DEBEC8004A5E5F /* NBAGalore */ = {
			isa = PBXNativeTarget;
			buildConfigurationList = 2D887D6F25DEBECB004A5E5F /* Build configuration list for PBXNativeTarget "NBAGalore" */;
			buildPhases = (
				2D887D4125DEBEC8004A5E5F /* Sources */,
				2D887D4225DEBEC8004A5E5F /* Frameworks */,
				2D887D4325DEBEC8004A5E5F /* Resources */,
			);
			buildRules = (
			);
			dependencies = (
			);
			name = NBAGalore;
			productName = NBAGalore;
			productReference = 2D887D4525DEBEC8004A5E5F /* NBAGalore.app */;
			productType = "com.apple.product-type.application";
		};
		2D887D5A25DEBECA004A5E5F /* NBAGaloreTests */ = {
			isa = PBXNativeTarget;
			buildConfigurationList = 2D887D7225DEBECB004A5E5F /* Build configuration list for PBXNativeTarget "NBAGaloreTests" */;
			buildPhases = (
				2D887D5725DEBECA004A5E5F /* Sources */,
				2D887D5825DEBECA004A5E5F /* Frameworks */,
				2D887D5925DEBECA004A5E5F /* Resources */,
			);
			buildRules = (
			);
			dependencies = (
				2D887D5D25DEBECA004A5E5F /* PBXTargetDependency */,
			);
			name = NBAGaloreTests;
			productName = NBAGaloreTests;
			productReference = 2D887D5B25DEBECA004A5E5F /* NBAGaloreTests.xctest */;
			productType = "com.apple.product-type.bundle.unit-test";
		};
		2D887D6525DEBECA004A5E5F /* NBAGaloreUITests */ = {
			isa = PBXNativeTarget;
			buildConfigurationList = 2D887D7525DEBECB004A5E5F /* Build configuration list for PBXNativeTarget "NBAGaloreUITests" */;
			buildPhases = (
				2D887D6225DEBECA004A5E5F /* Sources */,
				2D887D6325DEBECA004A5E5F /* Frameworks */,
				2D887D6425DEBECA004A5E5F /* Resources */,
			);
			buildRules = (
			);
			dependencies = (
				2D887D6825DEBECA004A5E5F /* PBXTargetDependency */,
			);
			name = NBAGaloreUITests;
			productName = NBAGaloreUITests;
			productReference = 2D887D6625DEBECA004A5E5F /* NBAGaloreUITests.xctest */;
			productType = "com.apple.product-type.bundle.ui-testing";
		};
/* End PBXNativeTarget section */

/* Begin PBXProject section */
		2D887D3D25DEBEC8004A5E5F /* Project object */ = {
			isa = PBXProject;
			attributes = {
				LastSwiftUpdateCheck = 1240;
				LastUpgradeCheck = 1240;
				TargetAttributes = {
					2D887D4425DEBEC8004A5E5F = {
						CreatedOnToolsVersion = 12.4;
					};
					2D887D5A25DEBECA004A5E5F = {
						CreatedOnToolsVersion = 12.4;
						TestTargetID = 2D887D4425DEBEC8004A5E5F;
					};
					2D887D6525DEBECA004A5E5F = {
						CreatedOnToolsVersion = 12.4;
						TestTargetID = 2D887D4425DEBEC8004A5E5F;
					};
				};
			};
			buildConfigurationList = 2D887D4025DEBEC8004A5E5F /* Build configuration list for PBXProject "NBAGalore" */;
			compatibilityVersion = "Xcode 9.3";
			developmentRegion = en;
			hasScannedForEncodings = 0;
			knownRegions = (
				en,
				Base,
			);
			mainGroup = 2D887D3C25DEBEC8004A5E5F;
			productRefGroup = 2D887D4625DEBEC8004A5E5F /* Products */;
			projectDirPath = "";
			projectRoot = "";
			targets = (
				2D887D4425DEBEC8004A5E5F /* NBAGalore */,
				2D887D5A25DEBECA004A5E5F /* NBAGaloreTests */,
				2D887D6525DEBECA004A5E5F /* NBAGaloreUITests */,
			);
		};
/* End PBXProject section */

/* Begin PBXResourcesBuildPhase section */
		2D887D4325DEBEC8004A5E5F /* Resources */ = {
			isa = PBXResourcesBuildPhase;
			buildActionMask = 2147483647;
			files = (
				2D887E4725E01640004A5E5F /* LaunchScreen.storyboard in Resources */,
				2D93166825E17DE9005CF01A /* PlayerTable.storyboard in Resources */,
				2D887D5225DEBECA004A5E5F /* Assets.xcassets in Resources */,
				2D887D5025DEBEC8004A5E5F /* TeamCollection.storyboard in Resources */,
				2D93169D25E24E65005CF01A /* PlayerDetail.storyboard in Resources */,
			);
			runOnlyForDeploymentPostprocessing = 0;
		};
		2D887D5925DEBECA004A5E5F /* Resources */ = {
			isa = PBXResourcesBuildPhase;
			buildActionMask = 2147483647;
			files = (
			);
			runOnlyForDeploymentPostprocessing = 0;
		};
		2D887D6425DEBECA004A5E5F /* Resources */ = {
			isa = PBXResourcesBuildPhase;
			buildActionMask = 2147483647;
			files = (
			);
			runOnlyForDeploymentPostprocessing = 0;
		};
/* End PBXResourcesBuildPhase section */

/* Begin PBXSourcesBuildPhase section */
		2D887D4125DEBEC8004A5E5F /* Sources */ = {
			isa = PBXSourcesBuildPhase;
			buildActionMask = 2147483647;
			files = (
				2D93168725E18B0F005CF01A /* PlayerTableViewCell.swift in Sources */,
				2D887D4D25DEBEC8004A5E5F /* TeamCollectionViewController.swift in Sources */,
				2D93168225E18467005CF01A /* PlayerTableCoordinator.swift in Sources */,
				2D93169725E24DAC005CF01A /* PlayerDetailCoordinator.swift in Sources */,
				2D887D4925DEBEC8004A5E5F /* AppDelegate.swift in Sources */,
				2D93167525E17E20005CF01A /* PlayerTableViewController.swift in Sources */,
				2D93164D25E17529005CF01A /* AppCoordinator.swift in Sources */,
				2D887DD625DEEA2B004A5E5F /* Team.swift in Sources */,
				2D93168C25E18E7B005CF01A /* TableDataSource.swift in Sources */,
				2D93169125E19BDE005CF01A /* TeamCollectionReusableView.swift in Sources */,
				2D887DBE25DECC3E004A5E5F /* TeamCollectionViewCell.swift in Sources */,
				2D887DC825DED1C9004A5E5F /* NetworkManager.swift in Sources */,
				2D93165325E175C8005CF01A /* Storyboard.swift in Sources */,
				2D9316AA25E24E97005CF01A /* PlayerDetailViewModel.swift in Sources */,
				2D887D8525DEBF6B004A5E5F /* TeamCollectionViewModel.swift in Sources */,
				2D9316A225E24E7F005CF01A /* PlayerDetailViewController.swift in Sources */,
				2D887DFA25DFC9EB004A5E5F /* CollectionDataSource.swift in Sources */,
				2D93164425E174E8005CF01A /* Coordinator.swift in Sources */,
				2D93167025E17E06005CF01A /* PlayerTableViewModel.swift in Sources */,
			);
			runOnlyForDeploymentPostprocessing = 0;
		};
		2D887D5725DEBECA004A5E5F /* Sources */ = {
			isa = PBXSourcesBuildPhase;
			buildActionMask = 2147483647;
			files = (
				2D887D6025DEBECA004A5E5F /* NBAGaloreTests.swift in Sources */,
			);
			runOnlyForDeploymentPostprocessing = 0;
		};
		2D887D6225DEBECA004A5E5F /* Sources */ = {
			isa = PBXSourcesBuildPhase;
			buildActionMask = 2147483647;
			files = (
				2D887D6B25DEBECB004A5E5F /* NBAGaloreUITests.swift in Sources */,
			);
			runOnlyForDeploymentPostprocessing = 0;
		};
/* End PBXSourcesBuildPhase section */

/* Begin PBXTargetDependency section */
		2D887D5D25DEBECA004A5E5F /* PBXTargetDependency */ = {
			isa = PBXTargetDependency;
			target = 2D887D4425DEBEC8004A5E5F /* NBAGalore */;
			targetProxy = 2D887D5C25DEBECA004A5E5F /* PBXContainerItemProxy */;
		};
		2D887D6825DEBECA004A5E5F /* PBXTargetDependency */ = {
			isa = PBXTargetDependency;
			target = 2D887D4425DEBEC8004A5E5F /* NBAGalore */;
			targetProxy = 2D887D6725DEBECA004A5E5F /* PBXContainerItemProxy */;
		};
/* End PBXTargetDependency section */

/* Begin PBXVariantGroup section */
		2D887D4E25DEBEC8004A5E5F /* TeamCollection.storyboard */ = {
			isa = PBXVariantGroup;
			children = (
				2D887D4F25DEBEC8004A5E5F /* Base */,
			);
			name = TeamCollection.storyboard;
			sourceTree = "<group>";
		};
/* End PBXVariantGroup section */

/* Begin XCBuildConfiguration section */
		2D887D6D25DEBECB004A5E5F /* Debug */ = {
			isa = XCBuildConfiguration;
			buildSettings = {
				ALWAYS_SEARCH_USER_PATHS = NO;
				CLANG_ANALYZER_NONNULL = YES;
				CLANG_ANALYZER_NUMBER_OBJECT_CONVERSION = YES_AGGRESSIVE;
				CLANG_CXX_LANGUAGE_STANDARD = "gnu++14";
				CLANG_CXX_LIBRARY = "libc++";
				CLANG_ENABLE_MODULES = YES;
				CLANG_ENABLE_OBJC_ARC = YES;
				CLANG_ENABLE_OBJC_WEAK = YES;
				CLANG_WARN_BLOCK_CAPTURE_AUTORELEASING = YES;
				CLANG_WARN_BOOL_CONVERSION = YES;
				CLANG_WARN_COMMA = YES;
				CLANG_WARN_CONSTANT_CONVERSION = YES;
				CLANG_WARN_DEPRECATED_OBJC_IMPLEMENTATIONS = YES;
				CLANG_WARN_DIRECT_OBJC_ISA_USAGE = YES_ERROR;
				CLANG_WARN_DOCUMENTATION_COMMENTS = YES;
				CLANG_WARN_EMPTY_BODY = YES;
				CLANG_WARN_ENUM_CONVERSION = YES;
				CLANG_WARN_INFINITE_RECURSION = YES;
				CLANG_WARN_INT_CONVERSION = YES;
				CLANG_WARN_NON_LITERAL_NULL_CONVERSION = YES;
				CLANG_WARN_OBJC_IMPLICIT_RETAIN_SELF = YES;
				CLANG_WARN_OBJC_LITERAL_CONVERSION = YES;
				CLANG_WARN_OBJC_ROOT_CLASS = YES_ERROR;
				CLANG_WARN_QUOTED_INCLUDE_IN_FRAMEWORK_HEADER = YES;
				CLANG_WARN_RANGE_LOOP_ANALYSIS = YES;
				CLANG_WARN_STRICT_PROTOTYPES = YES;
				CLANG_WARN_SUSPICIOUS_MOVE = YES;
				CLANG_WARN_UNGUARDED_AVAILABILITY = YES_AGGRESSIVE;
				CLANG_WARN_UNREACHABLE_CODE = YES;
				CLANG_WARN__DUPLICATE_METHOD_MATCH = YES;
				COPY_PHASE_STRIP = NO;
				DEBUG_INFORMATION_FORMAT = dwarf;
				ENABLE_STRICT_OBJC_MSGSEND = YES;
				ENABLE_TESTABILITY = YES;
				GCC_C_LANGUAGE_STANDARD = gnu11;
				GCC_DYNAMIC_NO_PIC = NO;
				GCC_NO_COMMON_BLOCKS = YES;
				GCC_OPTIMIZATION_LEVEL = 0;
				GCC_PREPROCESSOR_DEFINITIONS = (
					"DEBUG=1",
					"$(inherited)",
				);
				GCC_WARN_64_TO_32_BIT_CONVERSION = YES;
				GCC_WARN_ABOUT_RETURN_TYPE = YES_ERROR;
				GCC_WARN_UNDECLARED_SELECTOR = YES;
				GCC_WARN_UNINITIALIZED_AUTOS = YES_AGGRESSIVE;
				GCC_WARN_UNUSED_FUNCTION = YES;
				GCC_WARN_UNUSED_VARIABLE = YES;
				IPHONEOS_DEPLOYMENT_TARGET = 14.4;
				MTL_ENABLE_DEBUG_INFO = INCLUDE_SOURCE;
				MTL_FAST_MATH = YES;
				ONLY_ACTIVE_ARCH = YES;
				SDKROOT = iphoneos;
				SWIFT_ACTIVE_COMPILATION_CONDITIONS = DEBUG;
				SWIFT_OPTIMIZATION_LEVEL = "-Onone";
			};
			name = Debug;
		};
		2D887D6E25DEBECB004A5E5F /* Release */ = {
			isa = XCBuildConfiguration;
			buildSettings = {
				ALWAYS_SEARCH_USER_PATHS = NO;
				CLANG_ANALYZER_NONNULL = YES;
				CLANG_ANALYZER_NUMBER_OBJECT_CONVERSION = YES_AGGRESSIVE;
				CLANG_CXX_LANGUAGE_STANDARD = "gnu++14";
				CLANG_CXX_LIBRARY = "libc++";
				CLANG_ENABLE_MODULES = YES;
				CLANG_ENABLE_OBJC_ARC = YES;
				CLANG_ENABLE_OBJC_WEAK = YES;
				CLANG_WARN_BLOCK_CAPTURE_AUTORELEASING = YES;
				CLANG_WARN_BOOL_CONVERSION = YES;
				CLANG_WARN_COMMA = YES;
				CLANG_WARN_CONSTANT_CONVERSION = YES;
				CLANG_WARN_DEPRECATED_OBJC_IMPLEMENTATIONS = YES;
				CLANG_WARN_DIRECT_OBJC_ISA_USAGE = YES_ERROR;
				CLANG_WARN_DOCUMENTATION_COMMENTS = YES;
				CLANG_WARN_EMPTY_BODY = YES;
				CLANG_WARN_ENUM_CONVERSION = YES;
				CLANG_WARN_INFINITE_RECURSION = YES;
				CLANG_WARN_INT_CONVERSION = YES;
				CLANG_WARN_NON_LITERAL_NULL_CONVERSION = YES;
				CLANG_WARN_OBJC_IMPLICIT_RETAIN_SELF = YES;
				CLANG_WARN_OBJC_LITERAL_CONVERSION = YES;
				CLANG_WARN_OBJC_ROOT_CLASS = YES_ERROR;
				CLANG_WARN_QUOTED_INCLUDE_IN_FRAMEWORK_HEADER = YES;
				CLANG_WARN_RANGE_LOOP_ANALYSIS = YES;
				CLANG_WARN_STRICT_PROTOTYPES = YES;
				CLANG_WARN_SUSPICIOUS_MOVE = YES;
				CLANG_WARN_UNGUARDED_AVAILABILITY = YES_AGGRESSIVE;
				CLANG_WARN_UNREACHABLE_CODE = YES;
				CLANG_WARN__DUPLICATE_METHOD_MATCH = YES;
				COPY_PHASE_STRIP = NO;
				DEBUG_INFORMATION_FORMAT = "dwarf-with-dsym";
				ENABLE_NS_ASSERTIONS = NO;
				ENABLE_STRICT_OBJC_MSGSEND = YES;
				GCC_C_LANGUAGE_STANDARD = gnu11;
				GCC_NO_COMMON_BLOCKS = YES;
				GCC_WARN_64_TO_32_BIT_CONVERSION = YES;
				GCC_WARN_ABOUT_RETURN_TYPE = YES_ERROR;
				GCC_WARN_UNDECLARED_SELECTOR = YES;
				GCC_WARN_UNINITIALIZED_AUTOS = YES_AGGRESSIVE;
				GCC_WARN_UNUSED_FUNCTION = YES;
				GCC_WARN_UNUSED_VARIABLE = YES;
				IPHONEOS_DEPLOYMENT_TARGET = 14.4;
				MTL_ENABLE_DEBUG_INFO = NO;
				MTL_FAST_MATH = YES;
				SDKROOT = iphoneos;
				SWIFT_COMPILATION_MODE = wholemodule;
				SWIFT_OPTIMIZATION_LEVEL = "-O";
				VALIDATE_PRODUCT = YES;
			};
			name = Release;
		};
		2D887D7025DEBECB004A5E5F /* Debug */ = {
			isa = XCBuildConfiguration;
			buildSettings = {
				ASSETCATALOG_COMPILER_APPICON_NAME = AppIcon;
				ASSETCATALOG_COMPILER_GLOBAL_ACCENT_COLOR_NAME = AccentColor;
				CODE_SIGN_STYLE = Automatic;
				INFOPLIST_FILE = NBAGalore/Info.plist;
				LD_RUNPATH_SEARCH_PATHS = (
					"$(inherited)",
					"@executable_path/Frameworks",
				);
				PRODUCT_BUNDLE_IDENTIFIER = com.scapoli.andrea.NBAGalore;
				PRODUCT_NAME = "$(TARGET_NAME)";
				SWIFT_VERSION = 5.0;
				TARGETED_DEVICE_FAMILY = "1,2";
			};
			name = Debug;
		};
		2D887D7125DEBECB004A5E5F /* Release */ = {
			isa = XCBuildConfiguration;
			buildSettings = {
				ASSETCATALOG_COMPILER_APPICON_NAME = AppIcon;
				ASSETCATALOG_COMPILER_GLOBAL_ACCENT_COLOR_NAME = AccentColor;
				CODE_SIGN_STYLE = Automatic;
				INFOPLIST_FILE = NBAGalore/Info.plist;
				LD_RUNPATH_SEARCH_PATHS = (
					"$(inherited)",
					"@executable_path/Frameworks",
				);
				PRODUCT_BUNDLE_IDENTIFIER = com.scapoli.andrea.NBAGalore;
				PRODUCT_NAME = "$(TARGET_NAME)";
				SWIFT_VERSION = 5.0;
				TARGETED_DEVICE_FAMILY = "1,2";
			};
			name = Release;
		};
		2D887D7325DEBECB004A5E5F /* Debug */ = {
			isa = XCBuildConfiguration;
			buildSettings = {
				ALWAYS_EMBED_SWIFT_STANDARD_LIBRARIES = YES;
				BUNDLE_LOADER = "$(TEST_HOST)";
				CODE_SIGN_STYLE = Automatic;
				INFOPLIST_FILE = NBAGaloreTests/Info.plist;
				IPHONEOS_DEPLOYMENT_TARGET = 14.4;
				LD_RUNPATH_SEARCH_PATHS = (
					"$(inherited)",
					"@executable_path/Frameworks",
					"@loader_path/Frameworks",
				);
				PRODUCT_BUNDLE_IDENTIFIER = com.scapoli.andrea.NBAGaloreTests;
				PRODUCT_NAME = "$(TARGET_NAME)";
				SWIFT_VERSION = 5.0;
				TARGETED_DEVICE_FAMILY = "1,2";
				TEST_HOST = "$(BUILT_PRODUCTS_DIR)/NBAGalore.app/NBAGalore";
			};
			name = Debug;
		};
		2D887D7425DEBECB004A5E5F /* Release */ = {
			isa = XCBuildConfiguration;
			buildSettings = {
				ALWAYS_EMBED_SWIFT_STANDARD_LIBRARIES = YES;
				BUNDLE_LOADER = "$(TEST_HOST)";
				CODE_SIGN_STYLE = Automatic;
				INFOPLIST_FILE = NBAGaloreTests/Info.plist;
				IPHONEOS_DEPLOYMENT_TARGET = 14.4;
				LD_RUNPATH_SEARCH_PATHS = (
					"$(inherited)",
					"@executable_path/Frameworks",
					"@loader_path/Frameworks",
				);
				PRODUCT_BUNDLE_IDENTIFIER = com.scapoli.andrea.NBAGaloreTests;
				PRODUCT_NAME = "$(TARGET_NAME)";
				SWIFT_VERSION = 5.0;
				TARGETED_DEVICE_FAMILY = "1,2";
				TEST_HOST = "$(BUILT_PRODUCTS_DIR)/NBAGalore.app/NBAGalore";
			};
			name = Release;
		};
		2D887D7625DEBECB004A5E5F /* Debug */ = {
			isa = XCBuildConfiguration;
			buildSettings = {
				ALWAYS_EMBED_SWIFT_STANDARD_LIBRARIES = YES;
				CODE_SIGN_STYLE = Automatic;
				INFOPLIST_FILE = NBAGaloreUITests/Info.plist;
				LD_RUNPATH_SEARCH_PATHS = (
					"$(inherited)",
					"@executable_path/Frameworks",
					"@loader_path/Frameworks",
				);
				PRODUCT_BUNDLE_IDENTIFIER = com.scapoli.andrea.NBAGaloreUITests;
				PRODUCT_NAME = "$(TARGET_NAME)";
				SWIFT_VERSION = 5.0;
				TARGETED_DEVICE_FAMILY = "1,2";
				TEST_TARGET_NAME = NBAGalore;
			};
			name = Debug;
		};
		2D887D7725DEBECB004A5E5F /* Release */ = {
			isa = XCBuildConfiguration;
			buildSettings = {
				ALWAYS_EMBED_SWIFT_STANDARD_LIBRARIES = YES;
				CODE_SIGN_STYLE = Automatic;
				INFOPLIST_FILE = NBAGaloreUITests/Info.plist;
				LD_RUNPATH_SEARCH_PATHS = (
					"$(inherited)",
					"@executable_path/Frameworks",
					"@loader_path/Frameworks",
				);
				PRODUCT_BUNDLE_IDENTIFIER = com.scapoli.andrea.NBAGaloreUITests;
				PRODUCT_NAME = "$(TARGET_NAME)";
				SWIFT_VERSION = 5.0;
				TARGETED_DEVICE_FAMILY = "1,2";
				TEST_TARGET_NAME = NBAGalore;
			};
			name = Release;
		};
/* End XCBuildConfiguration section */

/* Begin XCConfigurationList section */
		2D887D4025DEBEC8004A5E5F /* Build configuration list for PBXProject "NBAGalore" */ = {
			isa = XCConfigurationList;
			buildConfigurations = (
				2D887D6D25DEBECB004A5E5F /* Debug */,
				2D887D6E25DEBECB004A5E5F /* Release */,
			);
			defaultConfigurationIsVisible = 0;
			defaultConfigurationName = Release;
		};
		2D887D6F25DEBECB004A5E5F /* Build configuration list for PBXNativeTarget "NBAGalore" */ = {
			isa = XCConfigurationList;
			buildConfigurations = (
				2D887D7025DEBECB004A5E5F /* Debug */,
				2D887D7125DEBECB004A5E5F /* Release */,
			);
			defaultConfigurationIsVisible = 0;
			defaultConfigurationName = Release;
		};
		2D887D7225DEBECB004A5E5F /* Build configuration list for PBXNativeTarget "NBAGaloreTests" */ = {
			isa = XCConfigurationList;
			buildConfigurations = (
				2D887D7325DEBECB004A5E5F /* Debug */,
				2D887D7425DEBECB004A5E5F /* Release */,
			);
			defaultConfigurationIsVisible = 0;
			defaultConfigurationName = Release;
		};
		2D887D7525DEBECB004A5E5F /* Build configuration list for PBXNativeTarget "NBAGaloreUITests" */ = {
			isa = XCConfigurationList;
			buildConfigurations = (
				2D887D7625DEBECB004A5E5F /* Debug */,
				2D887D7725DEBECB004A5E5F /* Release */,
			);
			defaultConfigurationIsVisible = 0;
			defaultConfigurationName = Release;
		};
/* End XCConfigurationList section */
	};
	rootObject = 2D887D3D25DEBEC8004A5E5F /* Project object */;
}
